// !$*UTF8*$!
{
	archiveVersion = 1;
	classes = {
	};
	objectVersion = 55;
	objects = {

/* Begin PBXBuildFile section */
		4F324CCB271B4FDC00A2651C /* MarketDataResponse.swift in Sources */ = {isa = PBXBuildFile; fileRef = 4F324CCA271B4FDC00A2651C /* MarketDataResponse.swift */; };
		4FAE0BAC271DAFCD00CBA154 /* WatchListhTableViewCell.swift in Sources */ = {isa = PBXBuildFile; fileRef = 4FAE0BAB271DAFCD00CBA154 /* WatchListhTableViewCell.swift */; };
		4FAE0BAE271DB1FB00CBA154 /* StockChartView.swift in Sources */ = {isa = PBXBuildFile; fileRef = 4FAE0BAD271DB1FB00CBA154 /* StockChartView.swift */; };
		4FB2E33E2719DF1D00669997 /* APIKey.swift in Sources */ = {isa = PBXBuildFile; fileRef = 4FB2E33D2719DF1D00669997 /* APIKey.swift */; };
		4FB2E3402719E98B00669997 /* SearchResponse.swift in Sources */ = {isa = PBXBuildFile; fileRef = 4FB2E33F2719E98B00669997 /* SearchResponse.swift */; };
		4FB8C462270C7A4F00D43311 /* AppDelegate.swift in Sources */ = {isa = PBXBuildFile; fileRef = 4FB8C461270C7A4F00D43311 /* AppDelegate.swift */; };
		4FB8C464270C7A4F00D43311 /* SceneDelegate.swift in Sources */ = {isa = PBXBuildFile; fileRef = 4FB8C463270C7A4F00D43311 /* SceneDelegate.swift */; };
		4FB8C466270C7A4F00D43311 /* WatchListViewController.swift in Sources */ = {isa = PBXBuildFile; fileRef = 4FB8C465270C7A4F00D43311 /* WatchListViewController.swift */; };
		4FB8C46B270C7A5000D43311 /* Assets.xcassets in Resources */ = {isa = PBXBuildFile; fileRef = 4FB8C46A270C7A5000D43311 /* Assets.xcassets */; };
		4FB8C46E270C7A5000D43311 /* LaunchScreen.storyboard in Resources */ = {isa = PBXBuildFile; fileRef = 4FB8C46C270C7A5000D43311 /* LaunchScreen.storyboard */; };
		4FB8C47B270C7D3700D43311 /* NewsViewController.swift in Sources */ = {isa = PBXBuildFile; fileRef = 4FB8C47A270C7D3700D43311 /* NewsViewController.swift */; };
		4FB8C47D270C7DCB00D43311 /* SearchResultsViewController.swift in Sources */ = {isa = PBXBuildFile; fileRef = 4FB8C47C270C7DCB00D43311 /* SearchResultsViewController.swift */; };
		4FB8C47F270C7DDE00D43311 /* StockDetailsViewController.swift in Sources */ = {isa = PBXBuildFile; fileRef = 4FB8C47E270C7DDD00D43311 /* StockDetailsViewController.swift */; };
		4FB8C481270C8A9A00D43311 /* APICaller.swift in Sources */ = {isa = PBXBuildFile; fileRef = 4FB8C480270C8A9A00D43311 /* APICaller.swift */; };
		4FB8C483270C8AB400D43311 /* PersistenceManager.swift in Sources */ = {isa = PBXBuildFile; fileRef = 4FB8C482270C8AB400D43311 /* PersistenceManager.swift */; };
		4FB8C485270C8AC500D43311 /* HapticsManager.swift in Sources */ = {isa = PBXBuildFile; fileRef = 4FB8C484270C8AC500D43311 /* HapticsManager.swift */; };
		4FB8C4E9270CA28600D43311 /* Extensions.swift in Sources */ = {isa = PBXBuildFile; fileRef = 4FB8C4E8270CA28600D43311 /* Extensions.swift */; };
		4FB8C4EB270CAF6E00D43311 /* SearchResultTableViewCell.swift in Sources */ = {isa = PBXBuildFile; fileRef = 4FB8C4EA270CAF6E00D43311 /* SearchResultTableViewCell.swift */; };
		4FCBBA46271AF11D007765F4 /* NewsHeaderView.swift in Sources */ = {isa = PBXBuildFile; fileRef = 4FCBBA45271AF11D007765F4 /* NewsHeaderView.swift */; };
		4FCBBA48271B060A007765F4 /* NewsStory.swift in Sources */ = {isa = PBXBuildFile; fileRef = 4FCBBA47271B060A007765F4 /* NewsStory.swift */; };
		4FCBBA4A271B0F7A007765F4 /* NewsStoryTableViewCell.swift in Sources */ = {isa = PBXBuildFile; fileRef = 4FCBBA49271B0F7A007765F4 /* NewsStoryTableViewCell.swift */; };
		4FF89EEF271F407700D353FF /* FinancialMetricsResponse.swift in Sources */ = {isa = PBXBuildFile; fileRef = 4FF89EEE271F407700D353FF /* FinancialMetricsResponse.swift */; };
		4FF89EF1271F45CE00D353FF /* StockDetailHeaderView.swift in Sources */ = {isa = PBXBuildFile; fileRef = 4FF89EF0271F45CE00D353FF /* StockDetailHeaderView.swift */; };
		AC68134FDDDC44FDDA354C41 /* Pods_Stocks.framework in Frameworks */ = {isa = PBXBuildFile; fileRef = C757C09EEF97962FD3417D59 /* Pods_Stocks.framework */; };
/* End PBXBuildFile section */

/* Begin PBXFileReference section */
		4F324CCA271B4FDC00A2651C /* MarketDataResponse.swift */ = {isa = PBXFileReference; lastKnownFileType = sourcecode.swift; path = MarketDataResponse.swift; sourceTree = "<group>"; };
		4FAE0BAB271DAFCD00CBA154 /* WatchListhTableViewCell.swift */ = {isa = PBXFileReference; lastKnownFileType = sourcecode.swift; path = WatchListhTableViewCell.swift; sourceTree = "<group>"; };
		4FAE0BAD271DB1FB00CBA154 /* StockChartView.swift */ = {isa = PBXFileReference; lastKnownFileType = sourcecode.swift; path = StockChartView.swift; sourceTree = "<group>"; };
		4FB2E33D2719DF1D00669997 /* APIKey.swift */ = {isa = PBXFileReference; lastKnownFileType = sourcecode.swift; path = APIKey.swift; sourceTree = "<group>"; };
		4FB2E33F2719E98B00669997 /* SearchResponse.swift */ = {isa = PBXFileReference; lastKnownFileType = sourcecode.swift; path = SearchResponse.swift; sourceTree = "<group>"; };
		4FB8C45E270C7A4F00D43311 /* Stocks.app */ = {isa = PBXFileReference; explicitFileType = wrapper.application; includeInIndex = 0; path = Stocks.app; sourceTree = BUILT_PRODUCTS_DIR; };
		4FB8C461270C7A4F00D43311 /* AppDelegate.swift */ = {isa = PBXFileReference; lastKnownFileType = sourcecode.swift; path = AppDelegate.swift; sourceTree = "<group>"; };
		4FB8C463270C7A4F00D43311 /* SceneDelegate.swift */ = {isa = PBXFileReference; lastKnownFileType = sourcecode.swift; path = SceneDelegate.swift; sourceTree = "<group>"; };
		4FB8C465270C7A4F00D43311 /* WatchListViewController.swift */ = {isa = PBXFileReference; lastKnownFileType = sourcecode.swift; path = WatchListViewController.swift; sourceTree = "<group>"; };
		4FB8C46A270C7A5000D43311 /* Assets.xcassets */ = {isa = PBXFileReference; lastKnownFileType = folder.assetcatalog; path = Assets.xcassets; sourceTree = "<group>"; };
		4FB8C46D270C7A5000D43311 /* Base */ = {isa = PBXFileReference; lastKnownFileType = file.storyboard; name = Base; path = Base.lproj/LaunchScreen.storyboard; sourceTree = "<group>"; };
		4FB8C46F270C7A5000D43311 /* Info.plist */ = {isa = PBXFileReference; lastKnownFileType = text.plist.xml; path = Info.plist; sourceTree = "<group>"; };
		4FB8C47A270C7D3700D43311 /* NewsViewController.swift */ = {isa = PBXFileReference; lastKnownFileType = sourcecode.swift; path = NewsViewController.swift; sourceTree = "<group>"; };
		4FB8C47C270C7DCB00D43311 /* SearchResultsViewController.swift */ = {isa = PBXFileReference; lastKnownFileType = sourcecode.swift; path = SearchResultsViewController.swift; sourceTree = "<group>"; };
		4FB8C47E270C7DDD00D43311 /* StockDetailsViewController.swift */ = {isa = PBXFileReference; lastKnownFileType = sourcecode.swift; path = StockDetailsViewController.swift; sourceTree = "<group>"; };
		4FB8C480270C8A9A00D43311 /* APICaller.swift */ = {isa = PBXFileReference; lastKnownFileType = sourcecode.swift; path = APICaller.swift; sourceTree = "<group>"; };
		4FB8C482270C8AB400D43311 /* PersistenceManager.swift */ = {isa = PBXFileReference; lastKnownFileType = sourcecode.swift; path = PersistenceManager.swift; sourceTree = "<group>"; };
		4FB8C484270C8AC500D43311 /* HapticsManager.swift */ = {isa = PBXFileReference; lastKnownFileType = sourcecode.swift; path = HapticsManager.swift; sourceTree = "<group>"; };
		4FB8C4E8270CA28600D43311 /* Extensions.swift */ = {isa = PBXFileReference; lastKnownFileType = sourcecode.swift; path = Extensions.swift; sourceTree = "<group>"; };
		4FB8C4EA270CAF6E00D43311 /* SearchResultTableViewCell.swift */ = {isa = PBXFileReference; lastKnownFileType = sourcecode.swift; path = SearchResultTableViewCell.swift; sourceTree = "<group>"; };
		4FCBBA45271AF11D007765F4 /* NewsHeaderView.swift */ = {isa = PBXFileReference; lastKnownFileType = sourcecode.swift; path = NewsHeaderView.swift; sourceTree = "<group>"; };
		4FCBBA47271B060A007765F4 /* NewsStory.swift */ = {isa = PBXFileReference; lastKnownFileType = sourcecode.swift; path = NewsStory.swift; sourceTree = "<group>"; };
		4FCBBA49271B0F7A007765F4 /* NewsStoryTableViewCell.swift */ = {isa = PBXFileReference; lastKnownFileType = sourcecode.swift; path = NewsStoryTableViewCell.swift; sourceTree = "<group>"; };
		4FF89EEE271F407700D353FF /* FinancialMetricsResponse.swift */ = {isa = PBXFileReference; lastKnownFileType = sourcecode.swift; path = FinancialMetricsResponse.swift; sourceTree = "<group>"; };
		4FF89EF0271F45CE00D353FF /* StockDetailHeaderView.swift */ = {isa = PBXFileReference; lastKnownFileType = sourcecode.swift; path = StockDetailHeaderView.swift; sourceTree = "<group>"; };
		778CE26EF4A71F33AAF71FBC /* Pods-Stocks.debug.xcconfig */ = {isa = PBXFileReference; includeInIndex = 1; lastKnownFileType = text.xcconfig; name = "Pods-Stocks.debug.xcconfig"; path = "Target Support Files/Pods-Stocks/Pods-Stocks.debug.xcconfig"; sourceTree = "<group>"; };
		7F3AE861B2959C861A07D007 /* Pods-Stocks.release.xcconfig */ = {isa = PBXFileReference; includeInIndex = 1; lastKnownFileType = text.xcconfig; name = "Pods-Stocks.release.xcconfig"; path = "Target Support Files/Pods-Stocks/Pods-Stocks.release.xcconfig"; sourceTree = "<group>"; };
		C757C09EEF97962FD3417D59 /* Pods_Stocks.framework */ = {isa = PBXFileReference; explicitFileType = wrapper.framework; includeInIndex = 0; path = Pods_Stocks.framework; sourceTree = BUILT_PRODUCTS_DIR; };
/* End PBXFileReference section */

/* Begin PBXFrameworksBuildPhase section */
		4FB8C45B270C7A4F00D43311 /* Frameworks */ = {
			isa = PBXFrameworksBuildPhase;
			buildActionMask = 2147483647;
			files = (
				AC68134FDDDC44FDDA354C41 /* Pods_Stocks.framework in Frameworks */,
			);
			runOnlyForDeploymentPostprocessing = 0;
		};
/* End PBXFrameworksBuildPhase section */

/* Begin PBXGroup section */
		396641B74156632C3E61F976 /* Pods */ = {
			isa = PBXGroup;
			children = (
				778CE26EF4A71F33AAF71FBC /* Pods-Stocks.debug.xcconfig */,
				7F3AE861B2959C861A07D007 /* Pods-Stocks.release.xcconfig */,
			);
			path = Pods;
			sourceTree = "<group>";
		};
		4FB8C455270C7A4F00D43311 = {
			isa = PBXGroup;
			children = (
				4FB8C460270C7A4F00D43311 /* Stocks */,
				4FB8C45F270C7A4F00D43311 /* Products */,
				396641B74156632C3E61F976 /* Pods */,
				E0B29DCD41A8FC5C05E7238B /* Frameworks */,
			);
			sourceTree = "<group>";
		};
		4FB8C45F270C7A4F00D43311 /* Products */ = {
			isa = PBXGroup;
			children = (
				4FB8C45E270C7A4F00D43311 /* Stocks.app */,
			);
			name = Products;
			sourceTree = "<group>";
		};
		4FB8C460270C7A4F00D43311 /* Stocks */ = {
			isa = PBXGroup;
			children = (
				4FB8C479270C7B9200D43311 /* Other */,
				4FB8C478270C7B8600D43311 /* Managers */,
				4FB8C477270C7B7200D43311 /* Controllers */,
				4FB8C476270C7B6600D43311 /* Views */,
				4FB8C475270C7B5F00D43311 /* Models */,
				4FB8C46F270C7A5000D43311 /* Info.plist */,
			);
			path = Stocks;
			sourceTree = "<group>";
		};
		4FB8C475270C7B5F00D43311 /* Models */ = {
			isa = PBXGroup;
			children = (
				4FB2E33F2719E98B00669997 /* SearchResponse.swift */,
				4FCBBA47271B060A007765F4 /* NewsStory.swift */,
				4F324CCA271B4FDC00A2651C /* MarketDataResponse.swift */,
				4FF89EEE271F407700D353FF /* FinancialMetricsResponse.swift */,
			);
			path = Models;
			sourceTree = "<group>";
		};
		4FB8C476270C7B6600D43311 /* Views */ = {
			isa = PBXGroup;
			children = (
				4FB8C46C270C7A5000D43311 /* LaunchScreen.storyboard */,
				4FB8C4EA270CAF6E00D43311 /* SearchResultTableViewCell.swift */,
				4FCBBA45271AF11D007765F4 /* NewsHeaderView.swift */,
				4FCBBA49271B0F7A007765F4 /* NewsStoryTableViewCell.swift */,
				4FAE0BAB271DAFCD00CBA154 /* WatchListhTableViewCell.swift */,
				4FAE0BAD271DB1FB00CBA154 /* StockChartView.swift */,
				4FF89EF0271F45CE00D353FF /* StockDetailHeaderView.swift */,
			);
			path = Views;
			sourceTree = "<group>";
		};
		4FB8C477270C7B7200D43311 /* Controllers */ = {
			isa = PBXGroup;
			children = (
				4FB8C465270C7A4F00D43311 /* WatchListViewController.swift */,
				4FB8C47A270C7D3700D43311 /* NewsViewController.swift */,
				4FB8C47C270C7DCB00D43311 /* SearchResultsViewController.swift */,
				4FB8C47E270C7DDD00D43311 /* StockDetailsViewController.swift */,
			);
			path = Controllers;
			sourceTree = "<group>";
		};
		4FB8C478270C7B8600D43311 /* Managers */ = {
			isa = PBXGroup;
			children = (
				4FB8C480270C8A9A00D43311 /* APICaller.swift */,
				4FB8C482270C8AB400D43311 /* PersistenceManager.swift */,
				4FB8C484270C8AC500D43311 /* HapticsManager.swift */,
				4FB2E33D2719DF1D00669997 /* APIKey.swift */,
			);
			path = Managers;
			sourceTree = "<group>";
		};
		4FB8C479270C7B9200D43311 /* Other */ = {
			isa = PBXGroup;
			children = (
				4FB8C46A270C7A5000D43311 /* Assets.xcassets */,
				4FB8C461270C7A4F00D43311 /* AppDelegate.swift */,
				4FB8C463270C7A4F00D43311 /* SceneDelegate.swift */,
				4FB8C4E8270CA28600D43311 /* Extensions.swift */,
			);
			path = Other;
			sourceTree = "<group>";
		};
		E0B29DCD41A8FC5C05E7238B /* Frameworks */ = {
			isa = PBXGroup;
			children = (
				C757C09EEF97962FD3417D59 /* Pods_Stocks.framework */,
			);
			name = Frameworks;
			sourceTree = "<group>";
		};
/* End PBXGroup section */

/* Begin PBXNativeTarget section */
		4FB8C45D270C7A4F00D43311 /* Stocks */ = {
			isa = PBXNativeTarget;
			buildConfigurationList = 4FB8C472270C7A5000D43311 /* Build configuration list for PBXNativeTarget "Stocks" */;
			buildPhases = (
				4EE5A16499015E3E38F1DB8B /* [CP] Check Pods Manifest.lock */,
				4FB8C45A270C7A4F00D43311 /* Sources */,
				4FB8C45B270C7A4F00D43311 /* Frameworks */,
				4FB8C45C270C7A4F00D43311 /* Resources */,
				D87A6D6C5608050E5E8E15D4 /* [CP] Embed Pods Frameworks */,
			);
			buildRules = (
			);
			dependencies = (
			);
			name = Stocks;
			productName = Stocks;
			productReference = 4FB8C45E270C7A4F00D43311 /* Stocks.app */;
			productType = "com.apple.product-type.application";
		};
/* End PBXNativeTarget section */

/* Begin PBXProject section */
		4FB8C456270C7A4F00D43311 /* Project object */ = {
			isa = PBXProject;
			attributes = {
				BuildIndependentTargetsInParallel = 1;
				LastSwiftUpdateCheck = 1300;
				LastUpgradeCheck = 1300;
				TargetAttributes = {
					4FB8C45D270C7A4F00D43311 = {
						CreatedOnToolsVersion = 13.0;
					};
				};
			};
			buildConfigurationList = 4FB8C459270C7A4F00D43311 /* Build configuration list for PBXProject "Stocks" */;
			compatibilityVersion = "Xcode 13.0";
			developmentRegion = en;
			hasScannedForEncodings = 0;
			knownRegions = (
				en,
				Base,
			);
			mainGroup = 4FB8C455270C7A4F00D43311;
			productRefGroup = 4FB8C45F270C7A4F00D43311 /* Products */;
			projectDirPath = "";
			projectRoot = "";
			targets = (
				4FB8C45D270C7A4F00D43311 /* Stocks */,
			);
		};
/* End PBXProject section */

/* Begin PBXResourcesBuildPhase section */
		4FB8C45C270C7A4F00D43311 /* Resources */ = {
			isa = PBXResourcesBuildPhase;
			buildActionMask = 2147483647;
			files = (
				4FB8C46E270C7A5000D43311 /* LaunchScreen.storyboard in Resources */,
				4FB8C46B270C7A5000D43311 /* Assets.xcassets in Resources */,
			);
			runOnlyForDeploymentPostprocessing = 0;
		};
/* End PBXResourcesBuildPhase section */

/* Begin PBXShellScriptBuildPhase section */
		4EE5A16499015E3E38F1DB8B /* [CP] Check Pods Manifest.lock */ = {
			isa = PBXShellScriptBuildPhase;
			buildActionMask = 2147483647;
			files = (
			);
			inputFileListPaths = (
			);
			inputPaths = (
				"${PODS_PODFILE_DIR_PATH}/Podfile.lock",
				"${PODS_ROOT}/Manifest.lock",
			);
			name = "[CP] Check Pods Manifest.lock";
			outputFileListPaths = (
			);
			outputPaths = (
				"$(DERIVED_FILE_DIR)/Pods-Stocks-checkManifestLockResult.txt",
			);
			runOnlyForDeploymentPostprocessing = 0;
			shellPath = /bin/sh;
			shellScript = "diff \"${PODS_PODFILE_DIR_PATH}/Podfile.lock\" \"${PODS_ROOT}/Manifest.lock\" > /dev/null\nif [ $? != 0 ] ; then\n    # print error to STDERR\n    echo \"error: The sandbox is not in sync with the Podfile.lock. Run 'pod install' or update your CocoaPods installation.\" >&2\n    exit 1\nfi\n# This output is used by Xcode 'outputs' to avoid re-running this script phase.\necho \"SUCCESS\" > \"${SCRIPT_OUTPUT_FILE_0}\"\n";
			showEnvVarsInLog = 0;
		};
		D87A6D6C5608050E5E8E15D4 /* [CP] Embed Pods Frameworks */ = {
			isa = PBXShellScriptBuildPhase;
			buildActionMask = 2147483647;
			files = (
			);
			inputFileListPaths = (
				"${PODS_ROOT}/Target Support Files/Pods-Stocks/Pods-Stocks-frameworks-${CONFIGURATION}-input-files.xcfilelist",
			);
			name = "[CP] Embed Pods Frameworks";
			outputFileListPaths = (
				"${PODS_ROOT}/Target Support Files/Pods-Stocks/Pods-Stocks-frameworks-${CONFIGURATION}-output-files.xcfilelist",
			);
			runOnlyForDeploymentPostprocessing = 0;
			shellPath = /bin/sh;
			shellScript = "\"${PODS_ROOT}/Target Support Files/Pods-Stocks/Pods-Stocks-frameworks.sh\"\n";
			showEnvVarsInLog = 0;
		};
/* End PBXShellScriptBuildPhase section */

/* Begin PBXSourcesBuildPhase section */
		4FB8C45A270C7A4F00D43311 /* Sources */ = {
			isa = PBXSourcesBuildPhase;
			buildActionMask = 2147483647;
			files = (
				4FB2E3402719E98B00669997 /* SearchResponse.swift in Sources */,
				4FB8C485270C8AC500D43311 /* HapticsManager.swift in Sources */,
				4FB8C4EB270CAF6E00D43311 /* SearchResultTableViewCell.swift in Sources */,
				4FB8C47F270C7DDE00D43311 /* StockDetailsViewController.swift in Sources */,
				4FAE0BAC271DAFCD00CBA154 /* WatchListhTableViewCell.swift in Sources */,
				4FB8C466270C7A4F00D43311 /* WatchListViewController.swift in Sources */,
				4FB8C47B270C7D3700D43311 /* NewsViewController.swift in Sources */,
				4FCBBA46271AF11D007765F4 /* NewsHeaderView.swift in Sources */,
				4FCBBA48271B060A007765F4 /* NewsStory.swift in Sources */,
				4FF89EF1271F45CE00D353FF /* StockDetailHeaderView.swift in Sources */,
				4FAE0BAE271DB1FB00CBA154 /* StockChartView.swift in Sources */,
				4FCBBA4A271B0F7A007765F4 /* NewsStoryTableViewCell.swift in Sources */,
				4FB8C483270C8AB400D43311 /* PersistenceManager.swift in Sources */,
				4FF89EEF271F407700D353FF /* FinancialMetricsResponse.swift in Sources */,
				4FB8C4E9270CA28600D43311 /* Extensions.swift in Sources */,
				4FB8C481270C8A9A00D43311 /* APICaller.swift in Sources */,
				4FB8C462270C7A4F00D43311 /* AppDelegate.swift in Sources */,
				4FB8C464270C7A4F00D43311 /* SceneDelegate.swift in Sources */,
				4FB2E33E2719DF1D00669997 /* APIKey.swift in Sources */,
				4F324CCB271B4FDC00A2651C /* MarketDataResponse.swift in Sources */,
				4FB8C47D270C7DCB00D43311 /* SearchResultsViewController.swift in Sources */,
			);
			runOnlyForDeploymentPostprocessing = 0;
		};
/* End PBXSourcesBuildPhase section */

/* Begin PBXVariantGroup section */
		4FB8C46C270C7A5000D43311 /* LaunchScreen.storyboard */ = {
			isa = PBXVariantGroup;
			children = (
				4FB8C46D270C7A5000D43311 /* Base */,
			);
			name = LaunchScreen.storyboard;
			sourceTree = "<group>";
		};
/* End PBXVariantGroup section */

/* Begin XCBuildConfiguration section */
		4FB8C470270C7A5000D43311 /* Debug */ = {
			isa = XCBuildConfiguration;
			buildSettings = {
				ALWAYS_SEARCH_USER_PATHS = NO;
				CLANG_ANALYZER_NONNULL = YES;
				CLANG_ANALYZER_NUMBER_OBJECT_CONVERSION = YES_AGGRESSIVE;
				CLANG_CXX_LANGUAGE_STANDARD = "gnu++17";
				CLANG_CXX_LIBRARY = "libc++";
				CLANG_ENABLE_MODULES = YES;
				CLANG_ENABLE_OBJC_ARC = YES;
				CLANG_ENABLE_OBJC_WEAK = YES;
				CLANG_WARN_BLOCK_CAPTURE_AUTORELEASING = YES;
				CLANG_WARN_BOOL_CONVERSION = YES;
				CLANG_WARN_COMMA = YES;
				CLANG_WARN_CONSTANT_CONVERSION = YES;
				CLANG_WARN_DEPRECATED_OBJC_IMPLEMENTATIONS = YES;
				CLANG_WARN_DIRECT_OBJC_ISA_USAGE = YES_ERROR;
				CLANG_WARN_DOCUMENTATION_COMMENTS = YES;
				CLANG_WARN_EMPTY_BODY = YES;
				CLANG_WARN_ENUM_CONVERSION = YES;
				CLANG_WARN_INFINITE_RECURSION = YES;
				CLANG_WARN_INT_CONVERSION = YES;
				CLANG_WARN_NON_LITERAL_NULL_CONVERSION = YES;
				CLANG_WARN_OBJC_IMPLICIT_RETAIN_SELF = YES;
				CLANG_WARN_OBJC_LITERAL_CONVERSION = YES;
				CLANG_WARN_OBJC_ROOT_CLASS = YES_ERROR;
				CLANG_WARN_QUOTED_INCLUDE_IN_FRAMEWORK_HEADER = YES;
				CLANG_WARN_RANGE_LOOP_ANALYSIS = YES;
				CLANG_WARN_STRICT_PROTOTYPES = YES;
				CLANG_WARN_SUSPICIOUS_MOVE = YES;
				CLANG_WARN_UNGUARDED_AVAILABILITY = YES_AGGRESSIVE;
				CLANG_WARN_UNREACHABLE_CODE = YES;
				CLANG_WARN__DUPLICATE_METHOD_MATCH = YES;
				COPY_PHASE_STRIP = NO;
				DEBUG_INFORMATION_FORMAT = dwarf;
				ENABLE_STRICT_OBJC_MSGSEND = YES;
				ENABLE_TESTABILITY = YES;
				GCC_C_LANGUAGE_STANDARD = gnu11;
				GCC_DYNAMIC_NO_PIC = NO;
				GCC_NO_COMMON_BLOCKS = YES;
				GCC_OPTIMIZATION_LEVEL = 0;
				GCC_PREPROCESSOR_DEFINITIONS = (
					"DEBUG=1",
					"$(inherited)",
				);
				GCC_WARN_64_TO_32_BIT_CONVERSION = YES;
				GCC_WARN_ABOUT_RETURN_TYPE = YES_ERROR;
				GCC_WARN_UNDECLARED_SELECTOR = YES;
				GCC_WARN_UNINITIALIZED_AUTOS = YES_AGGRESSIVE;
				GCC_WARN_UNUSED_FUNCTION = YES;
				GCC_WARN_UNUSED_VARIABLE = YES;
				IPHONEOS_DEPLOYMENT_TARGET = 15.0;
				MTL_ENABLE_DEBUG_INFO = INCLUDE_SOURCE;
				MTL_FAST_MATH = YES;
				ONLY_ACTIVE_ARCH = YES;
				SDKROOT = iphoneos;
				SWIFT_ACTIVE_COMPILATION_CONDITIONS = DEBUG;
				SWIFT_OPTIMIZATION_LEVEL = "-Onone";
			};
			name = Debug;
		};
		4FB8C471270C7A5000D43311 /* Release */ = {
			isa = XCBuildConfiguration;
			buildSettings = {
				ALWAYS_SEARCH_USER_PATHS = NO;
				CLANG_ANALYZER_NONNULL = YES;
				CLANG_ANALYZER_NUMBER_OBJECT_CONVERSION = YES_AGGRESSIVE;
				CLANG_CXX_LANGUAGE_STANDARD = "gnu++17";
				CLANG_CXX_LIBRARY = "libc++";
				CLANG_ENABLE_MODULES = YES;
				CLANG_ENABLE_OBJC_ARC = YES;
				CLANG_ENABLE_OBJC_WEAK = YES;
				CLANG_WARN_BLOCK_CAPTURE_AUTORELEASING = YES;
				CLANG_WARN_BOOL_CONVERSION = YES;
				CLANG_WARN_COMMA = YES;
				CLANG_WARN_CONSTANT_CONVERSION = YES;
				CLANG_WARN_DEPRECATED_OBJC_IMPLEMENTATIONS = YES;
				CLANG_WARN_DIRECT_OBJC_ISA_USAGE = YES_ERROR;
				CLANG_WARN_DOCUMENTATION_COMMENTS = YES;
				CLANG_WARN_EMPTY_BODY = YES;
				CLANG_WARN_ENUM_CONVERSION = YES;
				CLANG_WARN_INFINITE_RECURSION = YES;
				CLANG_WARN_INT_CONVERSION = YES;
				CLANG_WARN_NON_LITERAL_NULL_CONVERSION = YES;
				CLANG_WARN_OBJC_IMPLICIT_RETAIN_SELF = YES;
				CLANG_WARN_OBJC_LITERAL_CONVERSION = YES;
				CLANG_WARN_OBJC_ROOT_CLASS = YES_ERROR;
				CLANG_WARN_QUOTED_INCLUDE_IN_FRAMEWORK_HEADER = YES;
				CLANG_WARN_RANGE_LOOP_ANALYSIS = YES;
				CLANG_WARN_STRICT_PROTOTYPES = YES;
				CLANG_WARN_SUSPICIOUS_MOVE = YES;
				CLANG_WARN_UNGUARDED_AVAILABILITY = YES_AGGRESSIVE;
				CLANG_WARN_UNREACHABLE_CODE = YES;
				CLANG_WARN__DUPLICATE_METHOD_MATCH = YES;
				COPY_PHASE_STRIP = NO;
				DEBUG_INFORMATION_FORMAT = "dwarf-with-dsym";
				ENABLE_NS_ASSERTIONS = NO;
				ENABLE_STRICT_OBJC_MSGSEND = YES;
				GCC_C_LANGUAGE_STANDARD = gnu11;
				GCC_NO_COMMON_BLOCKS = YES;
				GCC_WARN_64_TO_32_BIT_CONVERSION = YES;
				GCC_WARN_ABOUT_RETURN_TYPE = YES_ERROR;
				GCC_WARN_UNDECLARED_SELECTOR = YES;
				GCC_WARN_UNINITIALIZED_AUTOS = YES_AGGRESSIVE;
				GCC_WARN_UNUSED_FUNCTION = YES;
				GCC_WARN_UNUSED_VARIABLE = YES;
				IPHONEOS_DEPLOYMENT_TARGET = 15.0;
				MTL_ENABLE_DEBUG_INFO = NO;
				MTL_FAST_MATH = YES;
				SDKROOT = iphoneos;
				SWIFT_COMPILATION_MODE = wholemodule;
				SWIFT_OPTIMIZATION_LEVEL = "-O";
				VALIDATE_PRODUCT = YES;
			};
			name = Release;
		};
		4FB8C473270C7A5000D43311 /* Debug */ = {
			isa = XCBuildConfiguration;
			baseConfigurationReference = 778CE26EF4A71F33AAF71FBC /* Pods-Stocks.debug.xcconfig */;
			buildSettings = {
				ASSETCATALOG_COMPILER_APPICON_NAME = AppIcon;
				ASSETCATALOG_COMPILER_GLOBAL_ACCENT_COLOR_NAME = AccentColor;
				CODE_SIGN_STYLE = Automatic;
				CURRENT_PROJECT_VERSION = 1;
				DEVELOPMENT_TEAM = 8WTFSK86MZ;
				GENERATE_INFOPLIST_FILE = YES;
				INFOPLIST_FILE = Stocks/Info.plist;
				INFOPLIST_KEY_UIApplicationSupportsIndirectInputEvents = YES;
				INFOPLIST_KEY_UILaunchStoryboardName = LaunchScreen;
				INFOPLIST_KEY_UISupportedInterfaceOrientations = UIInterfaceOrientationPortrait;
				INFOPLIST_KEY_UISupportedInterfaceOrientations_iPad = "UIInterfaceOrientationPortrait UIInterfaceOrientationPortraitUpsideDown UIInterfaceOrientationLandscapeLeft UIInterfaceOrientationLandscapeRight";
				INFOPLIST_KEY_UISupportedInterfaceOrientations_iPhone = "UIInterfaceOrientationPortrait UIInterfaceOrientationLandscapeLeft UIInterfaceOrientationLandscapeRight";
				IPHONEOS_DEPLOYMENT_TARGET = 13.0;
				LD_RUNPATH_SEARCH_PATHS = (
					"$(inherited)",
					"@executable_path/Frameworks",
				);
				MARKETING_VERSION = 1.0;
				PRODUCT_BUNDLE_IDENTIFIER = com.dimitrykodryan.Stocks;
				PRODUCT_NAME = "$(TARGET_NAME)";
				SWIFT_EMIT_LOC_STRINGS = YES;
				SWIFT_VERSION = 5.0;
				TARGETED_DEVICE_FAMILY = 1;
			};
			name = Debug;
		};
		4FB8C474270C7A5000D43311 /* Release */ = {
			isa = XCBuildConfiguration;
			baseConfigurationReference = 7F3AE861B2959C861A07D007 /* Pods-Stocks.release.xcconfig */;
			buildSettings = {
				ASSETCATALOG_COMPILER_APPICON_NAME = AppIcon;
				ASSETCATALOG_COMPILER_GLOBAL_ACCENT_COLOR_NAME = AccentColor;
				CODE_SIGN_STYLE = Automatic;
				CURRENT_PROJECT_VERSION = 1;
				DEVELOPMENT_TEAM = 8WTFSK86MZ;
				GENERATE_INFOPLIST_FILE = YES;
				INFOPLIST_FILE = Stocks/Info.plist;
				INFOPLIST_KEY_UIApplicationSupportsIndirectInputEvents = YES;
				INFOPLIST_KEY_UILaunchStoryboardName = LaunchScreen;
				INFOPLIST_KEY_UISupportedInterfaceOrientations = UIInterfaceOrientationPortrait;
				INFOPLIST_KEY_UISupportedInterfaceOrientations_iPad = "UIInterfaceOrientationPortrait UIInterfaceOrientationPortraitUpsideDown UIInterfaceOrientationLandscapeLeft UIInterfaceOrientationLandscapeRight";
				INFOPLIST_KEY_UISupportedInterfaceOrientations_iPhone = "UIInterfaceOrientationPortrait UIInterfaceOrientationLandscapeLeft UIInterfaceOrientationLandscapeRight";
				IPHONEOS_DEPLOYMENT_TARGET = 13.0;
				LD_RUNPATH_SEARCH_PATHS = (
					"$(inherited)",
					"@executable_path/Frameworks",
				);
				MARKETING_VERSION = 1.0;
				PRODUCT_BUNDLE_IDENTIFIER = com.dimitrykodryan.Stocks;
				PRODUCT_NAME = "$(TARGET_NAME)";
				SWIFT_EMIT_LOC_STRINGS = YES;
				SWIFT_VERSION = 5.0;
				TARGETED_DEVICE_FAMILY = 1;
			};
			name = Release;
		};
/* End XCBuildConfiguration section */

/* Begin XCConfigurationList section */
		4FB8C459270C7A4F00D43311 /* Build configuration list for PBXProject "Stocks" */ = {
			isa = XCConfigurationList;
			buildConfigurations = (
				4FB8C470270C7A5000D43311 /* Debug */,
				4FB8C471270C7A5000D43311 /* Release */,
			);
			defaultConfigurationIsVisible = 0;
			defaultConfigurationName = Release;
		};
		4FB8C472270C7A5000D43311 /* Build configuration list for PBXNativeTarget "Stocks" */ = {
			isa = XCConfigurationList;
			buildConfigurations = (
				4FB8C473270C7A5000D43311 /* Debug */,
				4FB8C474270C7A5000D43311 /* Release */,
			);
			defaultConfigurationIsVisible = 0;
			defaultConfigurationName = Release;
		};
/* End XCConfigurationList section */
	};
	rootObject = 4FB8C456270C7A4F00D43311 /* Project object */;
}
